// !$*UTF8*$!
{
	archiveVersion = 1;
	classes = {
	};
	objectVersion = 46;
	objects = {

/* Begin PBXBuildFile section */
		3F56658A1E813FAC007D4F7F /* WRDNSProviderBase.m in Sources */ = {isa = PBXBuildFile; fileRef = 3F5665771E813FAC007D4F7F /* WRDNSProviderBase.m */; };
		3F56658B1E813FAC007D4F7F /* WRDNSProviderQcloud.m in Sources */ = {isa = PBXBuildFile; fileRef = 3F5665791E813FAC007D4F7F /* WRDNSProviderQcloud.m */; };
		3F56658C1E813FAC007D4F7F /* LICENSE in Resources */ = {isa = PBXBuildFile; fileRef = 3F56657A1E813FAC007D4F7F /* LICENSE */; };
		3F56658D1E813FAC007D4F7F /* WRURLConnectionDelegate.m in Sources */ = {isa = PBXBuildFile; fileRef = 3F56657D1E813FAC007D4F7F /* WRURLConnectionDelegate.m */; };
		3F56658E1E813FAC007D4F7F /* WRURLSessionDelegate.m in Sources */ = {isa = PBXBuildFile; fileRef = 3F56657F1E813FAC007D4F7F /* WRURLSessionDelegate.m */; };
		3F56658F1E813FAC007D4F7F /* AFNetworkReachabilityManager.m in Sources */ = {isa = PBXBuildFile; fileRef = 3F5665821E813FAC007D4F7F /* AFNetworkReachabilityManager.m */; };
		3F5665901E813FAC007D4F7F /* README.md in Sources */ = {isa = PBXBuildFile; fileRef = 3F5665831E813FAC007D4F7F /* README.md */; };
		3F5665911E813FAC007D4F7F /* WRDNSRecord.m in Sources */ = {isa = PBXBuildFile; fileRef = 3F5665851E813FAC007D4F7F /* WRDNSRecord.m */; };
		3F5665921E813FAC007D4F7F /* WRevaluateServerTrust.m in Sources */ = {isa = PBXBuildFile; fileRef = 3F5665871E813FAC007D4F7F /* WRevaluateServerTrust.m */; };
		3F5665931E813FAC007D4F7F /* WRHttpDNSManager.m in Sources */ = {isa = PBXBuildFile; fileRef = 3F5665891E813FAC007D4F7F /* WRHttpDNSManager.m */; };
		3F7F859F1E7FFB9000B7B3A1 /* main.m in Sources */ = {isa = PBXBuildFile; fileRef = 3F7F859E1E7FFB9000B7B3A1 /* main.m */; };
		3F7F85A21E7FFB9000B7B3A1 /* AppDelegate.m in Sources */ = {isa = PBXBuildFile; fileRef = 3F7F85A11E7FFB9000B7B3A1 /* AppDelegate.m */; };
		3F7F85A51E7FFB9000B7B3A1 /* ViewController.m in Sources */ = {isa = PBXBuildFile; fileRef = 3F7F85A41E7FFB9000B7B3A1 /* ViewController.m */; };
		3F7F85A81E7FFB9000B7B3A1 /* Main.storyboard in Resources */ = {isa = PBXBuildFile; fileRef = 3F7F85A61E7FFB9000B7B3A1 /* Main.storyboard */; };
		3F7F85AA1E7FFB9000B7B3A1 /* Assets.xcassets in Resources */ = {isa = PBXBuildFile; fileRef = 3F7F85A91E7FFB9000B7B3A1 /* Assets.xcassets */; };
		3F7F85AD1E7FFB9000B7B3A1 /* LaunchScreen.storyboard in Resources */ = {isa = PBXBuildFile; fileRef = 3F7F85AB1E7FFB9000B7B3A1 /* LaunchScreen.storyboard */; };
		4A1396D1586C1BF0887B49D9 /* libPods-WRHttpDNSDemo.a in Frameworks */ = {isa = PBXBuildFile; fileRef = 69A8A496490619A278970081 /* libPods-WRHttpDNSDemo.a */; };
/* End PBXBuildFile section */

/* Begin PBXFileReference section */
		0475C8FDB402B6AB19E3F992 /* Pods-WRHttpDNSDemo.debug.xcconfig */ = {isa = PBXFileReference; includeInIndex = 1; lastKnownFileType = text.xcconfig; name = "Pods-WRHttpDNSDemo.debug.xcconfig"; path = "Pods/Target Support Files/Pods-WRHttpDNSDemo/Pods-WRHttpDNSDemo.debug.xcconfig"; sourceTree = "<group>"; };
		2394FCA84EE4FB0A8E9A98DB /* Pods-WRHttpDNSDemo.release.xcconfig */ = {isa = PBXFileReference; includeInIndex = 1; lastKnownFileType = text.xcconfig; name = "Pods-WRHttpDNSDemo.release.xcconfig"; path = "Pods/Target Support Files/Pods-WRHttpDNSDemo/Pods-WRHttpDNSDemo.release.xcconfig"; sourceTree = "<group>"; };
		3F5665761E813FAC007D4F7F /* WRDNSProviderBase.h */ = {isa = PBXFileReference; fileEncoding = 4; lastKnownFileType = sourcecode.c.h; path = WRDNSProviderBase.h; sourceTree = "<group>"; };
		3F5665771E813FAC007D4F7F /* WRDNSProviderBase.m */ = {isa = PBXFileReference; fileEncoding = 4; lastKnownFileType = sourcecode.c.objc; path = WRDNSProviderBase.m; sourceTree = "<group>"; };
		3F5665781E813FAC007D4F7F /* WRDNSProviderQcloud.h */ = {isa = PBXFileReference; fileEncoding = 4; lastKnownFileType = sourcecode.c.h; path = WRDNSProviderQcloud.h; sourceTree = "<group>"; };
		3F5665791E813FAC007D4F7F /* WRDNSProviderQcloud.m */ = {isa = PBXFileReference; fileEncoding = 4; lastKnownFileType = sourcecode.c.objc; path = WRDNSProviderQcloud.m; sourceTree = "<group>"; };
		3F56657A1E813FAC007D4F7F /* LICENSE */ = {isa = PBXFileReference; fileEncoding = 4; lastKnownFileType = text; path = LICENSE; sourceTree = "<group>"; };
		3F56657C1E813FAC007D4F7F /* WRURLConnectionDelegate.h */ = {isa = PBXFileReference; fileEncoding = 4; lastKnownFileType = sourcecode.c.h; path = WRURLConnectionDelegate.h; sourceTree = "<group>"; };
		3F56657D1E813FAC007D4F7F /* WRURLConnectionDelegate.m */ = {isa = PBXFileReference; fileEncoding = 4; lastKnownFileType = sourcecode.c.objc; path = WRURLConnectionDelegate.m; sourceTree = "<group>"; };
		3F56657E1E813FAC007D4F7F /* WRURLSessionDelegate.h */ = {isa = PBXFileReference; fileEncoding = 4; lastKnownFileType = sourcecode.c.h; path = WRURLSessionDelegate.h; sourceTree = "<group>"; };
		3F56657F1E813FAC007D4F7F /* WRURLSessionDelegate.m */ = {isa = PBXFileReference; fileEncoding = 4; lastKnownFileType = sourcecode.c.objc; path = WRURLSessionDelegate.m; sourceTree = "<group>"; };
		3F5665811E813FAC007D4F7F /* AFNetworkReachabilityManager.h */ = {isa = PBXFileReference; fileEncoding = 4; lastKnownFileType = sourcecode.c.h; path = AFNetworkReachabilityManager.h; sourceTree = "<group>"; };
		3F5665821E813FAC007D4F7F /* AFNetworkReachabilityManager.m */ = {isa = PBXFileReference; fileEncoding = 4; lastKnownFileType = sourcecode.c.objc; path = AFNetworkReachabilityManager.m; sourceTree = "<group>"; };
		3F5665831E813FAC007D4F7F /* README.md */ = {isa = PBXFileReference; fileEncoding = 4; lastKnownFileType = net.daringfireball.markdown; path = README.md; sourceTree = "<group>"; };
		3F5665841E813FAC007D4F7F /* WRDNSRecord.h */ = {isa = PBXFileReference; fileEncoding = 4; lastKnownFileType = sourcecode.c.h; path = WRDNSRecord.h; sourceTree = "<group>"; };
		3F5665851E813FAC007D4F7F /* WRDNSRecord.m */ = {isa = PBXFileReference; fileEncoding = 4; lastKnownFileType = sourcecode.c.objc; path = WRDNSRecord.m; sourceTree = "<group>"; };
		3F5665861E813FAC007D4F7F /* WRevaluateServerTrust.h */ = {isa = PBXFileReference; fileEncoding = 4; lastKnownFileType = sourcecode.c.h; path = WRevaluateServerTrust.h; sourceTree = "<group>"; };
		3F5665871E813FAC007D4F7F /* WRevaluateServerTrust.m */ = {isa = PBXFileReference; fileEncoding = 4; lastKnownFileType = sourcecode.c.objc; path = WRevaluateServerTrust.m; sourceTree = "<group>"; };
		3F5665881E813FAC007D4F7F /* WRHttpDNSManager.h */ = {isa = PBXFileReference; fileEncoding = 4; lastKnownFileType = sourcecode.c.h; path = WRHttpDNSManager.h; sourceTree = "<group>"; };
		3F5665891E813FAC007D4F7F /* WRHttpDNSManager.m */ = {isa = PBXFileReference; fileEncoding = 4; lastKnownFileType = sourcecode.c.objc; path = WRHttpDNSManager.m; sourceTree = "<group>"; };
		3F7F859A1E7FFB9000B7B3A1 /* WRHttpDNSDemo.app */ = {isa = PBXFileReference; explicitFileType = wrapper.application; includeInIndex = 0; path = WRHttpDNSDemo.app; sourceTree = BUILT_PRODUCTS_DIR; };
		3F7F859E1E7FFB9000B7B3A1 /* main.m */ = {isa = PBXFileReference; lastKnownFileType = sourcecode.c.objc; path = main.m; sourceTree = "<group>"; };
		3F7F85A01E7FFB9000B7B3A1 /* AppDelegate.h */ = {isa = PBXFileReference; lastKnownFileType = sourcecode.c.h; path = AppDelegate.h; sourceTree = "<group>"; };
		3F7F85A11E7FFB9000B7B3A1 /* AppDelegate.m */ = {isa = PBXFileReference; lastKnownFileType = sourcecode.c.objc; path = AppDelegate.m; sourceTree = "<group>"; };
		3F7F85A31E7FFB9000B7B3A1 /* ViewController.h */ = {isa = PBXFileReference; lastKnownFileType = sourcecode.c.h; path = ViewController.h; sourceTree = "<group>"; };
		3F7F85A41E7FFB9000B7B3A1 /* ViewController.m */ = {isa = PBXFileReference; lastKnownFileType = sourcecode.c.objc; path = ViewController.m; sourceTree = "<group>"; };
		3F7F85A71E7FFB9000B7B3A1 /* Base */ = {isa = PBXFileReference; lastKnownFileType = file.storyboard; name = Base; path = Base.lproj/Main.storyboard; sourceTree = "<group>"; };
		3F7F85A91E7FFB9000B7B3A1 /* Assets.xcassets */ = {isa = PBXFileReference; lastKnownFileType = folder.assetcatalog; path = Assets.xcassets; sourceTree = "<group>"; };
		3F7F85AC1E7FFB9000B7B3A1 /* Base */ = {isa = PBXFileReference; lastKnownFileType = file.storyboard; name = Base; path = Base.lproj/LaunchScreen.storyboard; sourceTree = "<group>"; };
		3F7F85AE1E7FFB9000B7B3A1 /* Info.plist */ = {isa = PBXFileReference; lastKnownFileType = text.plist.xml; path = Info.plist; sourceTree = "<group>"; };
		69A8A496490619A278970081 /* libPods-WRHttpDNSDemo.a */ = {isa = PBXFileReference; explicitFileType = archive.ar; includeInIndex = 0; path = "libPods-WRHttpDNSDemo.a"; sourceTree = BUILT_PRODUCTS_DIR; };
/* End PBXFileReference section */

/* Begin PBXFrameworksBuildPhase section */
		3F7F85971E7FFB9000B7B3A1 /* Frameworks */ = {
			isa = PBXFrameworksBuildPhase;
			buildActionMask = 2147483647;
			files = (
				4A1396D1586C1BF0887B49D9 /* libPods-WRHttpDNSDemo.a in Frameworks */,
			);
			runOnlyForDeploymentPostprocessing = 0;
		};
/* End PBXFrameworksBuildPhase section */

/* Begin PBXGroup section */
		0D56B35918E6D9625498CB98 /* Frameworks */ = {
			isa = PBXGroup;
			children = (
				69A8A496490619A278970081 /* libPods-WRHttpDNSDemo.a */,
			);
			name = Frameworks;
			sourceTree = "<group>";
		};
		3F5665741E813FAC007D4F7F /* HttpDNS */ = {
			isa = PBXGroup;
			children = (
				3F5665751E813FAC007D4F7F /* DNSProvider */,
				3F56657A1E813FAC007D4F7F /* LICENSE */,
				3F56657B1E813FAC007D4F7F /* NetworkDelegate */,
				3F5665801E813FAC007D4F7F /* NetworkUtil */,
				3F5665831E813FAC007D4F7F /* README.md */,
				3F5665841E813FAC007D4F7F /* WRDNSRecord.h */,
				3F5665851E813FAC007D4F7F /* WRDNSRecord.m */,
				3F5665861E813FAC007D4F7F /* WRevaluateServerTrust.h */,
				3F5665871E813FAC007D4F7F /* WRevaluateServerTrust.m */,
				3F5665881E813FAC007D4F7F /* WRHttpDNSManager.h */,
				3F5665891E813FAC007D4F7F /* WRHttpDNSManager.m */,
			);
			path = HttpDNS;
			sourceTree = "<group>";
		};
		3F5665751E813FAC007D4F7F /* DNSProvider */ = {
			isa = PBXGroup;
			children = (
				3F5665761E813FAC007D4F7F /* WRDNSProviderBase.h */,
				3F5665771E813FAC007D4F7F /* WRDNSProviderBase.m */,
				3F5665781E813FAC007D4F7F /* WRDNSProviderQcloud.h */,
				3F5665791E813FAC007D4F7F /* WRDNSProviderQcloud.m */,
			);
			path = DNSProvider;
			sourceTree = "<group>";
		};
		3F56657B1E813FAC007D4F7F /* NetworkDelegate */ = {
			isa = PBXGroup;
			children = (
				3F56657C1E813FAC007D4F7F /* WRURLConnectionDelegate.h */,
				3F56657D1E813FAC007D4F7F /* WRURLConnectionDelegate.m */,
				3F56657E1E813FAC007D4F7F /* WRURLSessionDelegate.h */,
				3F56657F1E813FAC007D4F7F /* WRURLSessionDelegate.m */,
			);
			path = NetworkDelegate;
			sourceTree = "<group>";
		};
		3F5665801E813FAC007D4F7F /* NetworkUtil */ = {
			isa = PBXGroup;
			children = (
				3F5665811E813FAC007D4F7F /* AFNetworkReachabilityManager.h */,
				3F5665821E813FAC007D4F7F /* AFNetworkReachabilityManager.m */,
			);
			path = NetworkUtil;
			sourceTree = "<group>";
		};
		3F7F85911E7FFB9000B7B3A1 = {
			isa = PBXGroup;
			children = (
				3F7F859C1E7FFB9000B7B3A1 /* WRHttpDNSDemo */,
				3F7F859B1E7FFB9000B7B3A1 /* Products */,
				7730D3E6CC21F48123A5C09E /* Pods */,
				0D56B35918E6D9625498CB98 /* Frameworks */,
			);
			sourceTree = "<group>";
		};
		3F7F859B1E7FFB9000B7B3A1 /* Products */ = {
			isa = PBXGroup;
			children = (
				3F7F859A1E7FFB9000B7B3A1 /* WRHttpDNSDemo.app */,
			);
			name = Products;
			sourceTree = "<group>";
		};
		3F7F859C1E7FFB9000B7B3A1 /* WRHttpDNSDemo */ = {
			isa = PBXGroup;
			children = (
				3F5665741E813FAC007D4F7F /* HttpDNS */,
				3F7F85A01E7FFB9000B7B3A1 /* AppDelegate.h */,
				3F7F85A11E7FFB9000B7B3A1 /* AppDelegate.m */,
				3F7F85A31E7FFB9000B7B3A1 /* ViewController.h */,
				3F7F85A41E7FFB9000B7B3A1 /* ViewController.m */,
				3F7F85A61E7FFB9000B7B3A1 /* Main.storyboard */,
				3F7F85A91E7FFB9000B7B3A1 /* Assets.xcassets */,
				3F7F85AB1E7FFB9000B7B3A1 /* LaunchScreen.storyboard */,
				3F7F85AE1E7FFB9000B7B3A1 /* Info.plist */,
				3F7F859D1E7FFB9000B7B3A1 /* Supporting Files */,
			);
			path = WRHttpDNSDemo;
			sourceTree = "<group>";
		};
		3F7F859D1E7FFB9000B7B3A1 /* Supporting Files */ = {
			isa = PBXGroup;
			children = (
				3F7F859E1E7FFB9000B7B3A1 /* main.m */,
			);
			name = "Supporting Files";
			sourceTree = "<group>";
		};
		7730D3E6CC21F48123A5C09E /* Pods */ = {
			isa = PBXGroup;
			children = (
				0475C8FDB402B6AB19E3F992 /* Pods-WRHttpDNSDemo.debug.xcconfig */,
				2394FCA84EE4FB0A8E9A98DB /* Pods-WRHttpDNSDemo.release.xcconfig */,
			);
			name = Pods;
			sourceTree = "<group>";
		};
/* End PBXGroup section */

/* Begin PBXNativeTarget section */
		3F7F85991E7FFB9000B7B3A1 /* WRHttpDNSDemo */ = {
			isa = PBXNativeTarget;
			buildConfigurationList = 3F7F85B11E7FFB9000B7B3A1 /* Build configuration list for PBXNativeTarget "WRHttpDNSDemo" */;
			buildPhases = (
				93742A87605DD8C203A6FF0C /* [CP] Check Pods Manifest.lock */,
				3F7F85961E7FFB9000B7B3A1 /* Sources */,
				3F7F85971E7FFB9000B7B3A1 /* Frameworks */,
				3F7F85981E7FFB9000B7B3A1 /* Resources */,
				34C2AC7CED4499E8BA0321AF /* [CP] Embed Pods Frameworks */,
				4FB82FE63E7C93F81397F0F7 /* [CP] Copy Pods Resources */,
			);
			buildRules = (
			);
			dependencies = (
			);
			name = WRHttpDNSDemo;
			productName = WRHttpDNSDemo;
			productReference = 3F7F859A1E7FFB9000B7B3A1 /* WRHttpDNSDemo.app */;
			productType = "com.apple.product-type.application";
		};
/* End PBXNativeTarget section */

/* Begin PBXProject section */
		3F7F85921E7FFB9000B7B3A1 /* Project object */ = {
			isa = PBXProject;
			attributes = {
				LastUpgradeCheck = 0820;
				ORGANIZATIONNAME = hypo;
				TargetAttributes = {
					3F7F85991E7FFB9000B7B3A1 = {
						CreatedOnToolsVersion = 8.2.1;
						ProvisioningStyle = Automatic;
					};
				};
			};
			buildConfigurationList = 3F7F85951E7FFB9000B7B3A1 /* Build configuration list for PBXProject "WRHttpDNSDemo" */;
			compatibilityVersion = "Xcode 3.2";
			developmentRegion = English;
			hasScannedForEncodings = 0;
			knownRegions = (
				en,
				Base,
			);
			mainGroup = 3F7F85911E7FFB9000B7B3A1;
			productRefGroup = 3F7F859B1E7FFB9000B7B3A1 /* Products */;
			projectDirPath = "";
			projectRoot = "";
			targets = (
				3F7F85991E7FFB9000B7B3A1 /* WRHttpDNSDemo */,
			);
		};
/* End PBXProject section */

/* Begin PBXResourcesBuildPhase section */
		3F7F85981E7FFB9000B7B3A1 /* Resources */ = {
			isa = PBXResourcesBuildPhase;
			buildActionMask = 2147483647;
			files = (
				3F7F85AD1E7FFB9000B7B3A1 /* LaunchScreen.storyboard in Resources */,
				3F7F85AA1E7FFB9000B7B3A1 /* Assets.xcassets in Resources */,
				3F56658C1E813FAC007D4F7F /* LICENSE in Resources */,
				3F7F85A81E7FFB9000B7B3A1 /* Main.storyboard in Resources */,
			);
			runOnlyForDeploymentPostprocessing = 0;
		};
/* End PBXResourcesBuildPhase section */

/* Begin PBXShellScriptBuildPhase section */
		34C2AC7CED4499E8BA0321AF /* [CP] Embed Pods Frameworks */ = {
			isa = PBXShellScriptBuildPhase;
			buildActionMask = 2147483647;
			files = (
			);
			inputPaths = (
			);
			name = "[CP] Embed Pods Frameworks";
			outputPaths = (
			);
			runOnlyForDeploymentPostprocessing = 0;
			shellPath = /bin/sh;
			shellScript = "\"${SRCROOT}/Pods/Target Support Files/Pods-WRHttpDNSDemo/Pods-WRHttpDNSDemo-frameworks.sh\"\n";
			showEnvVarsInLog = 0;
		};
		4FB82FE63E7C93F81397F0F7 /* [CP] Copy Pods Resources */ = {
			isa = PBXShellScriptBuildPhase;
			buildActionMask = 2147483647;
			files = (
			);
			inputPaths = (
			);
			name = "[CP] Copy Pods Resources";
			outputPaths = (
			);
			runOnlyForDeploymentPostprocessing = 0;
			shellPath = /bin/sh;
			shellScript = "\"${SRCROOT}/Pods/Target Support Files/Pods-WRHttpDNSDemo/Pods-WRHttpDNSDemo-resources.sh\"\n";
			showEnvVarsInLog = 0;
		};
		93742A87605DD8C203A6FF0C /* [CP] Check Pods Manifest.lock */ = {
			isa = PBXShellScriptBuildPhase;
			buildActionMask = 2147483647;
			files = (
			);
			inputPaths = (
			);
			name = "[CP] Check Pods Manifest.lock";
			outputPaths = (
			);
			runOnlyForDeploymentPostprocessing = 0;
			shellPath = /bin/sh;
			shellScript = "diff \"${PODS_ROOT}/../Podfile.lock\" \"${PODS_ROOT}/Manifest.lock\" > /dev/null\nif [ $? != 0 ] ; then\n    # print error to STDERR\n    echo \"error: The sandbox is not in sync with the Podfile.lock. Run 'pod install' or update your CocoaPods installation.\" >&2\n    exit 1\nfi\n";
			showEnvVarsInLog = 0;
		};
/* End PBXShellScriptBuildPhase section */

/* Begin PBXSourcesBuildPhase section */
		3F7F85961E7FFB9000B7B3A1 /* Sources */ = {
			isa = PBXSourcesBuildPhase;
			buildActionMask = 2147483647;
			files = (
				3F7F85A51E7FFB9000B7B3A1 /* ViewController.m in Sources */,
				3F56658E1E813FAC007D4F7F /* WRURLSessionDelegate.m in Sources */,
				3F5665931E813FAC007D4F7F /* WRHttpDNSManager.m in Sources */,
				3F5665921E813FAC007D4F7F /* WRevaluateServerTrust.m in Sources */,
				3F7F85A21E7FFB9000B7B3A1 /* AppDelegate.m in Sources */,
				3F5665911E813FAC007D4F7F /* WRDNSRecord.m in Sources */,
				3F56658A1E813FAC007D4F7F /* WRDNSProviderBase.m in Sources */,
				3F7F859F1E7FFB9000B7B3A1 /* main.m in Sources */,
				3F56658B1E813FAC007D4F7F /* WRDNSProviderQcloud.m in Sources */,
				3F5665901E813FAC007D4F7F /* README.md in Sources */,
				3F56658F1E813FAC007D4F7F /* AFNetworkReachabilityManager.m in Sources */,
				3F56658D1E813FAC007D4F7F /* WRURLConnectionDelegate.m in Sources */,
			);
			runOnlyForDeploymentPostprocessing = 0;
		};
/* End PBXSourcesBuildPhase section */

/* Begin PBXVariantGroup section */
		3F7F85A61E7FFB9000B7B3A1 /* Main.storyboard */ = {
			isa = PBXVariantGroup;
			children = (
				3F7F85A71E7FFB9000B7B3A1 /* Base */,
			);
			name = Main.storyboard;
			sourceTree = "<group>";
		};
		3F7F85AB1E7FFB9000B7B3A1 /* LaunchScreen.storyboard */ = {
			isa = PBXVariantGroup;
			children = (
				3F7F85AC1E7FFB9000B7B3A1 /* Base */,
			);
			name = LaunchScreen.storyboard;
			sourceTree = "<group>";
		};
/* End PBXVariantGroup section */

/* Begin XCBuildConfiguration section */
		3F7F85AF1E7FFB9000B7B3A1 /* Debug */ = {
			isa = XCBuildConfiguration;
			buildSettings = {
				ALWAYS_SEARCH_USER_PATHS = NO;
				CLANG_ANALYZER_NONNULL = YES;
				CLANG_CXX_LANGUAGE_STANDARD = "gnu++0x";
				CLANG_CXX_LIBRARY = "libc++";
				CLANG_ENABLE_MODULES = YES;
				CLANG_ENABLE_OBJC_ARC = YES;
				CLANG_WARN_BOOL_CONVERSION = YES;
				CLANG_WARN_CONSTANT_CONVERSION = YES;
				CLANG_WARN_DIRECT_OBJC_ISA_USAGE = YES_ERROR;
				CLANG_WARN_DOCUMENTATION_COMMENTS = YES;
				CLANG_WARN_EMPTY_BODY = YES;
				CLANG_WARN_ENUM_CONVERSION = YES;
				CLANG_WARN_INFINITE_RECURSION = YES;
				CLANG_WARN_INT_CONVERSION = YES;
				CLANG_WARN_OBJC_ROOT_CLASS = YES_ERROR;
				CLANG_WARN_SUSPICIOUS_MOVE = YES;
				CLANG_WARN_UNREACHABLE_CODE = YES;
				CLANG_WARN__DUPLICATE_METHOD_MATCH = YES;
				"CODE_SIGN_IDENTITY[sdk=iphoneos*]" = "iPhone Developer";
				COPY_PHASE_STRIP = NO;
				DEBUG_INFORMATION_FORMAT = dwarf;
				ENABLE_STRICT_OBJC_MSGSEND = YES;
				ENABLE_TESTABILITY = YES;
				GCC_C_LANGUAGE_STANDARD = gnu99;
				GCC_DYNAMIC_NO_PIC = NO;
				GCC_NO_COMMON_BLOCKS = YES;
				GCC_OPTIMIZATION_LEVEL = 0;
				GCC_PREPROCESSOR_DEFINITIONS = (
					"DEBUG=1",
					"$(inherited)",
				);
				GCC_WARN_64_TO_32_BIT_CONVERSION = YES;
				GCC_WARN_ABOUT_RETURN_TYPE = YES_ERROR;
				GCC_WARN_UNDECLARED_SELECTOR = YES;
				GCC_WARN_UNINITIALIZED_AUTOS = YES_AGGRESSIVE;
				GCC_WARN_UNUSED_FUNCTION = YES;
				GCC_WARN_UNUSED_VARIABLE = YES;
				IPHONEOS_DEPLOYMENT_TARGET = 10.2;
				MTL_ENABLE_DEBUG_INFO = YES;
				ONLY_ACTIVE_ARCH = YES;
				SDKROOT = iphoneos;
				TARGETED_DEVICE_FAMILY = "1,2";
			};
			name = Debug;
		};
		3F7F85B01E7FFB9000B7B3A1 /* Release */ = {
			isa = XCBuildConfiguration;
			buildSettings = {
				ALWAYS_SEARCH_USER_PATHS = NO;
				CLANG_ANALYZER_NONNULL = YES;
				CLANG_CXX_LANGUAGE_STANDARD = "gnu++0x";
				CLANG_CXX_LIBRARY = "libc++";
				CLANG_ENABLE_MODULES = YES;
				CLANG_ENABLE_OBJC_ARC = YES;
				CLANG_WARN_BOOL_CONVERSION = YES;
				CLANG_WARN_CONSTANT_CONVERSION = YES;
				CLANG_WARN_DIRECT_OBJC_ISA_USAGE = YES_ERROR;
				CLANG_WARN_DOCUMENTATION_COMMENTS = YES;
				CLANG_WARN_EMPTY_BODY = YES;
				CLANG_WARN_ENUM_CONVERSION = YES;
				CLANG_WARN_INFINITE_RECURSION = YES;
				CLANG_WARN_INT_CONVERSION = YES;
				CLANG_WARN_OBJC_ROOT_CLASS = YES_ERROR;
				CLANG_WARN_SUSPICIOUS_MOVE = YES;
				CLANG_WARN_UNREACHABLE_CODE = YES;
				CLANG_WARN__DUPLICATE_METHOD_MATCH = YES;
				"CODE_SIGN_IDENTITY[sdk=iphoneos*]" = "iPhone Developer";
				COPY_PHASE_STRIP = NO;
				DEBUG_INFORMATION_FORMAT = "dwarf-with-dsym";
				ENABLE_NS_ASSERTIONS = NO;
				ENABLE_STRICT_OBJC_MSGSEND = YES;
				GCC_C_LANGUAGE_STANDARD = gnu99;
				GCC_NO_COMMON_BLOCKS = YES;
				GCC_WARN_64_TO_32_BIT_CONVERSION = YES;
				GCC_WARN_ABOUT_RETURN_TYPE = YES_ERROR;
				GCC_WARN_UNDECLARED_SELECTOR = YES;
				GCC_WARN_UNINITIALIZED_AUTOS = YES_AGGRESSIVE;
				GCC_WARN_UNUSED_FUNCTION = YES;
				GCC_WARN_UNUSED_VARIABLE = YES;
				IPHONEOS_DEPLOYMENT_TARGET = 10.2;
				MTL_ENABLE_DEBUG_INFO = NO;
				SDKROOT = iphoneos;
				TARGETED_DEVICE_FAMILY = "1,2";
				VALIDATE_PRODUCT = YES;
			};
			name = Release;
		};
		3F7F85B21E7FFB9000B7B3A1 /* Debug */ = {
			isa = XCBuildConfiguration;
			baseConfigurationReference = 0475C8FDB402B6AB19E3F992 /* Pods-WRHttpDNSDemo.debug.xcconfig */;
			buildSettings = {
				ASSETCATALOG_COMPILER_APPICON_NAME = AppIcon;
				INFOPLIST_FILE = WRHttpDNSDemo/Info.plist;
				LD_RUNPATH_SEARCH_PATHS = "$(inherited) @executable_path/Frameworks";
				PRODUCT_BUNDLE_IDENTIFIER = com.hypoyao.WRHttpDNSDemo;
				PRODUCT_NAME = "$(TARGET_NAME)";
			};
			name = Debug;
		};
		3F7F85B31E7FFB9000B7B3A1 /* Release */ = {
			isa = XCBuildConfiguration;
			baseConfigurationReference = 2394FCA84EE4FB0A8E9A98DB /* Pods-WRHttpDNSDemo.release.xcconfig */;
			buildSettings = {
				ASSETCATALOG_COMPILER_APPICON_NAME = AppIcon;
				INFOPLIST_FILE = WRHttpDNSDemo/Info.plist;
				LD_RUNPATH_SEARCH_PATHS = "$(inherited) @executable_path/Frameworks";
				PRODUCT_BUNDLE_IDENTIFIER = com.hypoyao.WRHttpDNSDemo;
				PRODUCT_NAME = "$(TARGET_NAME)";
			};
			name = Release;
		};
/* End XCBuildConfiguration section */

/* Begin XCConfigurationList section */
		3F7F85951E7FFB9000B7B3A1 /* Build configuration list for PBXProject "WRHttpDNSDemo" */ = {
			isa = XCConfigurationList;
			buildConfigurations = (
				3F7F85AF1E7FFB9000B7B3A1 /* Debug */,
				3F7F85B01E7FFB9000B7B3A1 /* Release */,
			);
			defaultConfigurationIsVisible = 0;
			defaultConfigurationName = Release;
		};
		3F7F85B11E7FFB9000B7B3A1 /* Build configuration list for PBXNativeTarget "WRHttpDNSDemo" */ = {
			isa = XCConfigurationList;
			buildConfigurations = (
				3F7F85B21E7FFB9000B7B3A1 /* Debug */,
				3F7F85B31E7FFB9000B7B3A1 /* Release */,
			);
			defaultConfigurationIsVisible = 0;
			defaultConfigurationName = Release;
		};
/* End XCConfigurationList section */
	};
	rootObject = 3F7F85921E7FFB9000B7B3A1 /* Project object */;
}
